// !$*UTF8*$!
{
	archiveVersion = 1;
	classes = {
	};
	objectVersion = 50;
	objects = {

/* Begin PBXBuildFile section */
		CE689227235F56560065CA13 /* MemberPlanCollectionViewCell.swift in Sources */ = {isa = PBXBuildFile; fileRef = CE689226235F56560065CA13 /* MemberPlanCollectionViewCell.swift */; };
		CE6B7520235DA85C0055480B /* AppDelegate.swift in Sources */ = {isa = PBXBuildFile; fileRef = CE6B751F235DA85C0055480B /* AppDelegate.swift */; };
		CE6B7522235DA85C0055480B /* SceneDelegate.swift in Sources */ = {isa = PBXBuildFile; fileRef = CE6B7521235DA85C0055480B /* SceneDelegate.swift */; };
		CE6B7524235DA85C0055480B /* ViewController.swift in Sources */ = {isa = PBXBuildFile; fileRef = CE6B7523235DA85C0055480B /* ViewController.swift */; };
		CE6B7527235DA85C0055480B /* Main.storyboard in Resources */ = {isa = PBXBuildFile; fileRef = CE6B7525235DA85C0055480B /* Main.storyboard */; };
		CE6B752A235DA85C0055480B /* LeaseMaster.xcdatamodeld in Sources */ = {isa = PBXBuildFile; fileRef = CE6B7528235DA85C0055480B /* LeaseMaster.xcdatamodeld */; };
		CE6B752C235DA85D0055480B /* Assets.xcassets in Resources */ = {isa = PBXBuildFile; fileRef = CE6B752B235DA85D0055480B /* Assets.xcassets */; };
		CE6B752F235DA85D0055480B /* LaunchScreen.storyboard in Resources */ = {isa = PBXBuildFile; fileRef = CE6B752D235DA85D0055480B /* LaunchScreen.storyboard */; };
		CE6B7539235DAB990055480B /* Gilroy-ExtraBold.otf in Resources */ = {isa = PBXBuildFile; fileRef = CE6B7536235DAB990055480B /* Gilroy-ExtraBold.otf */; };
		CE6B753A235DAB990055480B /* Gilroy-Light.otf in Resources */ = {isa = PBXBuildFile; fileRef = CE6B7537235DAB990055480B /* Gilroy-Light.otf */; };
		CE6B753B235DAB990055480B /* Radomir Tinkov Free Font EULA .pdf in Resources */ = {isa = PBXBuildFile; fileRef = CE6B7538235DAB990055480B /* Radomir Tinkov Free Font EULA .pdf */; };
		CE6B7543235DAF3F0055480B /* CustomUIProperties.swift in Sources */ = {isa = PBXBuildFile; fileRef = CE6B7542235DAF3F0055480B /* CustomUIProperties.swift */; };
		CE6B7544235DB4A40055480B /* Gilroy-Bold.ttf in Resources */ = {isa = PBXBuildFile; fileRef = CE6B753F235DAC650055480B /* Gilroy-Bold.ttf */; };
		CE6B7545235DB4A40055480B /* Gilroy-Heavy.ttf in Resources */ = {isa = PBXBuildFile; fileRef = CE6B7540235DAC650055480B /* Gilroy-Heavy.ttf */; };
		CE6B7546235DB4A40055480B /* Gilroy-Light.ttf in Resources */ = {isa = PBXBuildFile; fileRef = CE6B753E235DAC650055480B /* Gilroy-Light.ttf */; };
		CE6B7547235DB4A40055480B /* Gilroy-Medium.ttf in Resources */ = {isa = PBXBuildFile; fileRef = CE6B753D235DAC650055480B /* Gilroy-Medium.ttf */; };
		CE6B7548235DB4A40055480B /* Gilroy-Regular.ttf in Resources */ = {isa = PBXBuildFile; fileRef = CE6B753C235DAC650055480B /* Gilroy-Regular.ttf */; };
		CE6B754A235DDB520055480B /* SignupGoogleViewController.swift in Sources */ = {isa = PBXBuildFile; fileRef = CE6B7549235DDB520055480B /* SignupGoogleViewController.swift */; };
		CEC458AB235F001200F339DA /* VerificationViewController.swift in Sources */ = {isa = PBXBuildFile; fileRef = CEC458AA235F001200F339DA /* VerificationViewController.swift */; };
/* End PBXBuildFile section */

/* Begin PBXFileReference section */
		CE689226235F56560065CA13 /* MemberPlanCollectionViewCell.swift */ = {isa = PBXFileReference; lastKnownFileType = sourcecode.swift; path = MemberPlanCollectionViewCell.swift; sourceTree = "<group>"; };
		CE6B751C235DA85C0055480B /* LeaseMaster.app */ = {isa = PBXFileReference; explicitFileType = wrapper.application; includeInIndex = 0; path = LeaseMaster.app; sourceTree = BUILT_PRODUCTS_DIR; };
		CE6B751F235DA85C0055480B /* AppDelegate.swift */ = {isa = PBXFileReference; lastKnownFileType = sourcecode.swift; path = AppDelegate.swift; sourceTree = "<group>"; };
		CE6B7521235DA85C0055480B /* SceneDelegate.swift */ = {isa = PBXFileReference; lastKnownFileType = sourcecode.swift; path = SceneDelegate.swift; sourceTree = "<group>"; };
		CE6B7523235DA85C0055480B /* ViewController.swift */ = {isa = PBXFileReference; lastKnownFileType = sourcecode.swift; path = ViewController.swift; sourceTree = "<group>"; };
		CE6B7526235DA85C0055480B /* Base */ = {isa = PBXFileReference; lastKnownFileType = file.storyboard; name = Base; path = Base.lproj/Main.storyboard; sourceTree = "<group>"; };
		CE6B7529235DA85C0055480B /* LeaseMaster.xcdatamodel */ = {isa = PBXFileReference; lastKnownFileType = wrapper.xcdatamodel; path = LeaseMaster.xcdatamodel; sourceTree = "<group>"; };
		CE6B752B235DA85D0055480B /* Assets.xcassets */ = {isa = PBXFileReference; lastKnownFileType = folder.assetcatalog; path = Assets.xcassets; sourceTree = "<group>"; };
		CE6B752E235DA85D0055480B /* Base */ = {isa = PBXFileReference; lastKnownFileType = file.storyboard; name = Base; path = Base.lproj/LaunchScreen.storyboard; sourceTree = "<group>"; };
		CE6B7530235DA85D0055480B /* Info.plist */ = {isa = PBXFileReference; lastKnownFileType = text.plist.xml; path = Info.plist; sourceTree = "<group>"; };
		CE6B7536235DAB990055480B /* Gilroy-ExtraBold.otf */ = {isa = PBXFileReference; lastKnownFileType = file; path = "Gilroy-ExtraBold.otf"; sourceTree = "<group>"; };
		CE6B7537235DAB990055480B /* Gilroy-Light.otf */ = {isa = PBXFileReference; lastKnownFileType = file; path = "Gilroy-Light.otf"; sourceTree = "<group>"; };
		CE6B7538235DAB990055480B /* Radomir Tinkov Free Font EULA .pdf */ = {isa = PBXFileReference; lastKnownFileType = image.pdf; path = "Radomir Tinkov Free Font EULA .pdf"; sourceTree = "<group>"; };
		CE6B753C235DAC650055480B /* Gilroy-Regular.ttf */ = {isa = PBXFileReference; lastKnownFileType = file; path = "Gilroy-Regular.ttf"; sourceTree = "<group>"; };
		CE6B753D235DAC650055480B /* Gilroy-Medium.ttf */ = {isa = PBXFileReference; lastKnownFileType = file; path = "Gilroy-Medium.ttf"; sourceTree = "<group>"; };
		CE6B753E235DAC650055480B /* Gilroy-Light.ttf */ = {isa = PBXFileReference; lastKnownFileType = file; path = "Gilroy-Light.ttf"; sourceTree = "<group>"; };
		CE6B753F235DAC650055480B /* Gilroy-Bold.ttf */ = {isa = PBXFileReference; lastKnownFileType = file; path = "Gilroy-Bold.ttf"; sourceTree = "<group>"; };
		CE6B7540235DAC650055480B /* Gilroy-Heavy.ttf */ = {isa = PBXFileReference; lastKnownFileType = file; path = "Gilroy-Heavy.ttf"; sourceTree = "<group>"; };
		CE6B7542235DAF3F0055480B /* CustomUIProperties.swift */ = {isa = PBXFileReference; lastKnownFileType = sourcecode.swift; path = CustomUIProperties.swift; sourceTree = "<group>"; };
		CE6B7549235DDB520055480B /* SignupGoogleViewController.swift */ = {isa = PBXFileReference; lastKnownFileType = sourcecode.swift; path = SignupGoogleViewController.swift; sourceTree = "<group>"; };
		CEC458AA235F001200F339DA /* VerificationViewController.swift */ = {isa = PBXFileReference; lastKnownFileType = sourcecode.swift; path = VerificationViewController.swift; sourceTree = "<group>"; };
/* End PBXFileReference section */

/* Begin PBXFrameworksBuildPhase section */
		CE6B7519235DA85C0055480B /* Frameworks */ = {
			isa = PBXFrameworksBuildPhase;
			buildActionMask = 2147483647;
			files = (
			);
			runOnlyForDeploymentPostprocessing = 0;
		};
/* End PBXFrameworksBuildPhase section */

/* Begin PBXGroup section */
		CE6B7513235DA85C0055480B = {
			isa = PBXGroup;
			children = (
				CE689226235F56560065CA13 /* MemberPlanCollectionViewCell.swift */,
				CE6B751E235DA85C0055480B /* LeaseMaster */,
				CE6B751D235DA85C0055480B /* Products */,
			);
			sourceTree = "<group>";
		};
		CE6B751D235DA85C0055480B /* Products */ = {
			isa = PBXGroup;
			children = (
				CE6B751C235DA85C0055480B /* LeaseMaster.app */,
			);
			name = Products;
			sourceTree = "<group>";
		};
		CE6B751E235DA85C0055480B /* LeaseMaster */ = {
			isa = PBXGroup;
			children = (
				CE6B751F235DA85C0055480B /* AppDelegate.swift */,
				CE6B7521235DA85C0055480B /* SceneDelegate.swift */,
				CE6B7523235DA85C0055480B /* ViewController.swift */,
				CE6B7549235DDB520055480B /* SignupGoogleViewController.swift */,
				CEC458AA235F001200F339DA /* VerificationViewController.swift */,
				CE6B7542235DAF3F0055480B /* CustomUIProperties.swift */,
				CE6B7525235DA85C0055480B /* Main.storyboard */,
				CE6B752B235DA85D0055480B /* Assets.xcassets */,
				CE6B7541235DAC710055480B /* fonts */,
				CE6B752D235DA85D0055480B /* LaunchScreen.storyboard */,
				CE6B7530235DA85D0055480B /* Info.plist */,
				CE6B7528235DA85C0055480B /* LeaseMaster.xcdatamodeld */,
			);
			path = LeaseMaster;
			sourceTree = "<group>";
		};
		CE6B7541235DAC710055480B /* fonts */ = {
			isa = PBXGroup;
			children = (
				CE6B753F235DAC650055480B /* Gilroy-Bold.ttf */,
				CE6B7540235DAC650055480B /* Gilroy-Heavy.ttf */,
				CE6B753E235DAC650055480B /* Gilroy-Light.ttf */,
				CE6B753D235DAC650055480B /* Gilroy-Medium.ttf */,
				CE6B753C235DAC650055480B /* Gilroy-Regular.ttf */,
				CE6B7536235DAB990055480B /* Gilroy-ExtraBold.otf */,
				CE6B7537235DAB990055480B /* Gilroy-Light.otf */,
				CE6B7538235DAB990055480B /* Radomir Tinkov Free Font EULA .pdf */,
			);
			path = fonts;
			sourceTree = "<group>";
		};
/* End PBXGroup section */

/* Begin PBXNativeTarget section */
		CE6B751B235DA85C0055480B /* LeaseMaster */ = {
			isa = PBXNativeTarget;
			buildConfigurationList = CE6B7533235DA85D0055480B /* Build configuration list for PBXNativeTarget "LeaseMaster" */;
			buildPhases = (
				CE6B7518235DA85C0055480B /* Sources */,
				CE6B7519235DA85C0055480B /* Frameworks */,
				CE6B751A235DA85C0055480B /* Resources */,
			);
			buildRules = (
			);
			dependencies = (
			);
			name = LeaseMaster;
			productName = LeaseMaster;
			productReference = CE6B751C235DA85C0055480B /* LeaseMaster.app */;
			productType = "com.apple.product-type.application";
		};
/* End PBXNativeTarget section */

/* Begin PBXProject section */
		CE6B7514235DA85C0055480B /* Project object */ = {
			isa = PBXProject;
			attributes = {
				LastSwiftUpdateCheck = 1100;
				LastUpgradeCheck = 1100;
				ORGANIZATIONNAME = Qodehub;
				TargetAttributes = {
					CE6B751B235DA85C0055480B = {
						CreatedOnToolsVersion = 11.0;
					};
				};
			};
			buildConfigurationList = CE6B7517235DA85C0055480B /* Build configuration list for PBXProject "LeaseMaster" */;
			compatibilityVersion = "Xcode 9.3";
			developmentRegion = en;
			hasScannedForEncodings = 0;
			knownRegions = (
				en,
				Base,
			);
			mainGroup = CE6B7513235DA85C0055480B;
			productRefGroup = CE6B751D235DA85C0055480B /* Products */;
			projectDirPath = "";
			projectRoot = "";
			targets = (
				CE6B751B235DA85C0055480B /* LeaseMaster */,
			);
		};
/* End PBXProject section */

/* Begin PBXResourcesBuildPhase section */
		CE6B751A235DA85C0055480B /* Resources */ = {
			isa = PBXResourcesBuildPhase;
			buildActionMask = 2147483647;
			files = (
				CE6B7544235DB4A40055480B /* Gilroy-Bold.ttf in Resources */,
				CE6B7545235DB4A40055480B /* Gilroy-Heavy.ttf in Resources */,
				CE6B7546235DB4A40055480B /* Gilroy-Light.ttf in Resources */,
				CE6B7547235DB4A40055480B /* Gilroy-Medium.ttf in Resources */,
				CE6B7548235DB4A40055480B /* Gilroy-Regular.ttf in Resources */,
				CE6B752F235DA85D0055480B /* LaunchScreen.storyboard in Resources */,
				CE6B752C235DA85D0055480B /* Assets.xcassets in Resources */,
				CE6B7527235DA85C0055480B /* Main.storyboard in Resources */,
				CE6B753B235DAB990055480B /* Radomir Tinkov Free Font EULA .pdf in Resources */,
				CE6B753A235DAB990055480B /* Gilroy-Light.otf in Resources */,
				CE6B7539235DAB990055480B /* Gilroy-ExtraBold.otf in Resources */,
			);
			runOnlyForDeploymentPostprocessing = 0;
		};
/* End PBXResourcesBuildPhase section */

/* Begin PBXSourcesBuildPhase section */
		CE6B7518235DA85C0055480B /* Sources */ = {
			isa = PBXSourcesBuildPhase;
			buildActionMask = 2147483647;
			files = (
				CE6B7524235DA85C0055480B /* ViewController.swift in Sources */,
				CE6B7520235DA85C0055480B /* AppDelegate.swift in Sources */,
				CE6B754A235DDB520055480B /* SignupGoogleViewController.swift in Sources */,
				CE689227235F56560065CA13 /* MemberPlanCollectionViewCell.swift in Sources */,
				CE6B752A235DA85C0055480B /* LeaseMaster.xcdatamodeld in Sources */,
				CE6B7543235DAF3F0055480B /* CustomUIProperties.swift in Sources */,
				CEC458AB235F001200F339DA /* VerificationViewController.swift in Sources */,
				CE6B7522235DA85C0055480B /* SceneDelegate.swift in Sources */,
			);
			runOnlyForDeploymentPostprocessing = 0;
		};
/* End PBXSourcesBuildPhase section */

/* Begin PBXVariantGroup section */
		CE6B7525235DA85C0055480B /* Main.storyboard */ = {
			isa = PBXVariantGroup;
			children = (
				CE6B7526235DA85C0055480B /* Base */,
			);
			name = Main.storyboard;
			sourceTree = "<group>";
		};
		CE6B752D235DA85D0055480B /* LaunchScreen.storyboard */ = {
			isa = PBXVariantGroup;
			children = (
				CE6B752E235DA85D0055480B /* Base */,
			);
			name = LaunchScreen.storyboard;
			sourceTree = "<group>";
		};
/* End PBXVariantGroup section */

/* Begin XCBuildConfiguration section */
		CE6B7531235DA85D0055480B /* Debug */ = {
			isa = XCBuildConfiguration;
			buildSettings = {
				ALWAYS_SEARCH_USER_PATHS = NO;
				CLANG_ANALYZER_NONNULL = YES;
				CLANG_ANALYZER_NUMBER_OBJECT_CONVERSION = YES_AGGRESSIVE;
				CLANG_CXX_LANGUAGE_STANDARD = "gnu++14";
				CLANG_CXX_LIBRARY = "libc++";
				CLANG_ENABLE_MODULES = YES;
				CLANG_ENABLE_OBJC_ARC = YES;
				CLANG_ENABLE_OBJC_WEAK = YES;
				CLANG_WARN_BLOCK_CAPTURE_AUTORELEASING = YES;
				CLANG_WARN_BOOL_CONVERSION = YES;
				CLANG_WARN_COMMA = YES;
				CLANG_WARN_CONSTANT_CONVERSION = YES;
				CLANG_WARN_DEPRECATED_OBJC_IMPLEMENTATIONS = YES;
				CLANG_WARN_DIRECT_OBJC_ISA_USAGE = YES_ERROR;
				CLANG_WARN_DOCUMENTATION_COMMENTS = YES;
				CLANG_WARN_EMPTY_BODY = YES;
				CLANG_WARN_ENUM_CONVERSION = YES;
				CLANG_WARN_INFINITE_RECURSION = YES;
				CLANG_WARN_INT_CONVERSION = YES;
				CLANG_WARN_NON_LITERAL_NULL_CONVERSION = YES;
				CLANG_WARN_OBJC_IMPLICIT_RETAIN_SELF = YES;
				CLANG_WARN_OBJC_LITERAL_CONVERSION = YES;
				CLANG_WARN_OBJC_ROOT_CLASS = YES_ERROR;
				CLANG_WARN_RANGE_LOOP_ANALYSIS = YES;
				CLANG_WARN_STRICT_PROTOTYPES = YES;
				CLANG_WARN_SUSPICIOUS_MOVE = YES;
				CLANG_WARN_UNGUARDED_AVAILABILITY = YES_AGGRESSIVE;
				CLANG_WARN_UNREACHABLE_CODE = YES;
				CLANG_WARN__DUPLICATE_METHOD_MATCH = YES;
				COPY_PHASE_STRIP = NO;
				DEBUG_INFORMATION_FORMAT = dwarf;
				ENABLE_STRICT_OBJC_MSGSEND = YES;
				ENABLE_TESTABILITY = YES;
				GCC_C_LANGUAGE_STANDARD = gnu11;
				GCC_DYNAMIC_NO_PIC = NO;
				GCC_NO_COMMON_BLOCKS = YES;
				GCC_OPTIMIZATION_LEVEL = 0;
				GCC_PREPROCESSOR_DEFINITIONS = (
					"DEBUG=1",
					"$(inherited)",
				);
				GCC_WARN_64_TO_32_BIT_CONVERSION = YES;
				GCC_WARN_ABOUT_RETURN_TYPE = YES_ERROR;
				GCC_WARN_UNDECLARED_SELECTOR = YES;
				GCC_WARN_UNINITIALIZED_AUTOS = YES_AGGRESSIVE;
				GCC_WARN_UNUSED_FUNCTION = YES;
				GCC_WARN_UNUSED_VARIABLE = YES;
				IPHONEOS_DEPLOYMENT_TARGET = 13.0;
				MTL_ENABLE_DEBUG_INFO = INCLUDE_SOURCE;
				MTL_FAST_MATH = YES;
				ONLY_ACTIVE_ARCH = YES;
				SDKROOT = iphoneos;
				SWIFT_ACTIVE_COMPILATION_CONDITIONS = DEBUG;
				SWIFT_OPTIMIZATION_LEVEL = "-Onone";
			};
			name = Debug;
		};
		CE6B7532235DA85D0055480B /* Release */ = {
			isa = XCBuildConfiguration;
			buildSettings = {
				ALWAYS_SEARCH_USER_PATHS = NO;
				CLANG_ANALYZER_NONNULL = YES;
				CLANG_ANALYZER_NUMBER_OBJECT_CONVERSION = YES_AGGRESSIVE;
				CLANG_CXX_LANGUAGE_STANDARD = "gnu++14";
				CLANG_CXX_LIBRARY = "libc++";
				CLANG_ENABLE_MODULES = YES;
				CLANG_ENABLE_OBJC_ARC = YES;
				CLANG_ENABLE_OBJC_WEAK = YES;
				CLANG_WARN_BLOCK_CAPTURE_AUTORELEASING = YES;
				CLANG_WARN_BOOL_CONVERSION = YES;
				CLANG_WARN_COMMA = YES;
				CLANG_WARN_CONSTANT_CONVERSION = YES;
				CLANG_WARN_DEPRECATED_OBJC_IMPLEMENTATIONS = YES;
				CLANG_WARN_DIRECT_OBJC_ISA_USAGE = YES_ERROR;
				CLANG_WARN_DOCUMENTATION_COMMENTS = YES;
				CLANG_WARN_EMPTY_BODY = YES;
				CLANG_WARN_ENUM_CONVERSION = YES;
				CLANG_WARN_INFINITE_RECURSION = YES;
				CLANG_WARN_INT_CONVERSION = YES;
				CLANG_WARN_NON_LITERAL_NULL_CONVERSION = YES;
				CLANG_WARN_OBJC_IMPLICIT_RETAIN_SELF = YES;
				CLANG_WARN_OBJC_LITERAL_CONVERSION = YES;
				CLANG_WARN_OBJC_ROOT_CLASS = YES_ERROR;
				CLANG_WARN_RANGE_LOOP_ANALYSIS = YES;
				CLANG_WARN_STRICT_PROTOTYPES = YES;
				CLANG_WARN_SUSPICIOUS_MOVE = YES;
				CLANG_WARN_UNGUARDED_AVAILABILITY = YES_AGGRESSIVE;
				CLANG_WARN_UNREACHABLE_CODE = YES;
				CLANG_WARN__DUPLICATE_METHOD_MATCH = YES;
				COPY_PHASE_STRIP = NO;
				DEBUG_INFORMATION_FORMAT = "dwarf-with-dsym";
				ENABLE_NS_ASSERTIONS = NO;
				ENABLE_STRICT_OBJC_MSGSEND = YES;
				GCC_C_LANGUAGE_STANDARD = gnu11;
				GCC_NO_COMMON_BLOCKS = YES;
				GCC_WARN_64_TO_32_BIT_CONVERSION = YES;
				GCC_WARN_ABOUT_RETURN_TYPE = YES_ERROR;
				GCC_WARN_UNDECLARED_SELECTOR = YES;
				GCC_WARN_UNINITIALIZED_AUTOS = YES_AGGRESSIVE;
				GCC_WARN_UNUSED_FUNCTION = YES;
				GCC_WARN_UNUSED_VARIABLE = YES;
				IPHONEOS_DEPLOYMENT_TARGET = 13.0;
				MTL_ENABLE_DEBUG_INFO = NO;
				MTL_FAST_MATH = YES;
				SDKROOT = iphoneos;
				SWIFT_COMPILATION_MODE = wholemodule;
				SWIFT_OPTIMIZATION_LEVEL = "-O";
				VALIDATE_PRODUCT = YES;
			};
			name = Release;
		};
		CE6B7534235DA85D0055480B /* Debug */ = {
			isa = XCBuildConfiguration;
			buildSettings = {
				ASSETCATALOG_COMPILER_APPICON_NAME = AppIcon;
				CODE_SIGN_STYLE = Automatic;
				DEVELOPMENT_TEAM = 6L3P74R5AC;
				INFOPLIST_FILE = LeaseMaster/Info.plist;
				LD_RUNPATH_SEARCH_PATHS = (
					"$(inherited)",
					"@executable_path/Frameworks",
				);
				PRODUCT_BUNDLE_IDENTIFIER = com.qodehub.LeaseMaster;
				PRODUCT_NAME = "$(TARGET_NAME)";
				SWIFT_VERSION = 5.0;
				TARGETED_DEVICE_FAMILY = "1,2";
			};
			name = Debug;
		};
		CE6B7535235DA85D0055480B /* Release */ = {
			isa = XCBuildConfiguration;
			buildSettings = {
				ASSETCATALOG_COMPILER_APPICON_NAME = AppIcon;
				CODE_SIGN_STYLE = Automatic;
				DEVELOPMENT_TEAM = 6L3P74R5AC;
				INFOPLIST_FILE = LeaseMaster/Info.plist;
				LD_RUNPATH_SEARCH_PATHS = (
					"$(inherited)",
					"@executable_path/Frameworks",
				);
				PRODUCT_BUNDLE_IDENTIFIER = com.qodehub.LeaseMaster;
				PRODUCT_NAME = "$(TARGET_NAME)";
				SWIFT_VERSION = 5.0;
				TARGETED_DEVICE_FAMILY = "1,2";
			};
			name = Release;
		};
/* End XCBuildConfiguration section */

/* Begin XCConfigurationList section */
		CE6B7517235DA85C0055480B /* Build configuration list for PBXProject "LeaseMaster" */ = {
			isa = XCConfigurationList;
			buildConfigurations = (
				CE6B7531235DA85D0055480B /* Debug */,
				CE6B7532235DA85D0055480B /* Release */,
			);
			defaultConfigurationIsVisible = 0;
			defaultConfigurationName = Release;
		};
		CE6B7533235DA85D0055480B /* Build configuration list for PBXNativeTarget "LeaseMaster" */ = {
			isa = XCConfigurationList;
			buildConfigurations = (
				CE6B7534235DA85D0055480B /* Debug */,
				CE6B7535235DA85D0055480B /* Release */,
			);
			defaultConfigurationIsVisible = 0;
			defaultConfigurationName = Release;
		};
/* End XCConfigurationList section */

/* Begin XCVersionGroup section */
		CE6B7528235DA85C0055480B /* LeaseMaster.xcdatamodeld */ = {
			isa = XCVersionGroup;
			children = (
				CE6B7529235DA85C0055480B /* LeaseMaster.xcdatamodel */,
			);
			currentVersion = CE6B7529235DA85C0055480B /* LeaseMaster.xcdatamodel */;
			path = LeaseMaster.xcdatamodeld;
			sourceTree = "<group>";
			versionGroupType = wrapper.xcdatamodel;
		};
/* End XCVersionGroup section */
	};
	rootObject = CE6B7514235DA85C0055480B /* Project object */;
}
